
Microsoft Visual Studio Solution File, Format Version 12.00
# Visual Studio 14
VisualStudioVersion = 14.0.25420.1
MinimumVisualStudioVersion = 10.0.40219.1
Project("{FAE04EC0-301F-11D3-BF4B-00C04F79EFBC}") = "GeneticKeyboard1", "GeneticKeyboard1\GeneticKeyboard1.csproj", "{67838FB9-8A6D-4961-A90F-A5B06260CFCC}"
EndProject
Global
	GlobalSection(SolutionConfigurationPlatforms) = preSolution
		Debug|Any CPU = Debug|Any CPU
		Release|Any CPU = Release|Any CPU
	EndGlobalSection
	GlobalSection(ProjectConfigurationPlatforms) = postSolution
		{67838FB9-8A6D-4961-A90F-A5B06260CFCC}.Debug|Any CPU.ActiveCfg = Debug|Any CPU
		{67838FB9-8A6D-4961-A90F-A5B06260CFCC}.Debug|Any CPU.Build.0 = Debug|Any CPU
		{67838FB9-8A6D-4961-A90F-A5B06260CFCC}.Release|Any CPU.ActiveCfg = Release|Any CPU
		{67838FB9-8A6D-4961-A90F-A5B06260CFCC}.Release|Any CPU.Build.0 = Release|Any CPU
	EndGlobalSection
	GlobalSection(SolutionProperties) = preSolution
		HideSolutionNode = FALSE
	EndGlobalSection
EndGlobal
